{
  "name": "@revolist/revogrid",
  "version": "1.0.0",
  "lockfileVersion": 1,
  "requires": true,
  "dependencies": {
    "@interactjs/actions": {
      "version": "1.8.4",
      "resolved": "https://registry.npmjs.org/@interactjs/actions/-/actions-1.8.4.tgz",
      "integrity": "sha512-G+9RRCqiYwGMc8mXcLBJbTevoRq36MpgiVCTQt/xMkMM5hGExFn976VU6frpFcal9U59QEB7TfO9O3LUGfmm9A=="
    },
    "@interactjs/auto-scroll": {
      "version": "1.8.4",
      "resolved": "https://registry.npmjs.org/@interactjs/auto-scroll/-/auto-scroll-1.8.4.tgz",
      "integrity": "sha512-uluQy2ohr/CkmegNGWsztib0u1jVFqqSDQeC8rylI1nTKu1De5U5h8BGTTSRWad/TSlaW+GUaPgbjbhoiuEjew=="
    },
    "@interactjs/auto-start": {
      "version": "1.8.4",
      "resolved": "https://registry.npmjs.org/@interactjs/auto-start/-/auto-start-1.8.4.tgz",
      "integrity": "sha512-Ln24+uiliaIb682dpzrfqKpti0xGCZXHeNFx+JvyquhZ3p3C2BmUd8jVA3wxZqce8YyK51nPc2VNdmc/Zf8aDg=="
    },
    "@interactjs/core": {
      "version": "1.8.4",
      "resolved": "https://registry.npmjs.org/@interactjs/core/-/core-1.8.4.tgz",
      "integrity": "sha512-9/C7BYstNHMvGNIiY7laNBf2dBhlwWnOAYcbKiQBUlzncn61m4q9vq/jthCvd4WG2xEIxL8xoCYIEEdWq5JK2A=="
    },
    "@interactjs/dev-tools": {
      "version": "1.8.4",
      "resolved": "https://registry.npmjs.org/@interactjs/dev-tools/-/dev-tools-1.8.4.tgz",
      "integrity": "sha512-s9rb6FGZKPwoVcRzCAh+UBxXMvnuxXMgAjrzCIjN5Qioi7uevcY92AHLyYFaTSi8XnxlknE9uggDetOF+JYtPw==",
      "requires": {
        "@interactjs/utils": "1.8.4"
      }
    },
    "@interactjs/inertia": {
      "version": "1.8.4",
      "resolved": "https://registry.npmjs.org/@interactjs/inertia/-/inertia-1.8.4.tgz",
      "integrity": "sha512-oF0Zl9i7DsffCowKh0pdmRCYfDc5gWiX2eVAcU20ys+0aRi1em45ReWnrvwrUwPAHoHL85wj5Z6I531h5UNm5w=="
    },
    "@interactjs/interact": {
      "version": "1.8.4",
      "resolved": "https://registry.npmjs.org/@interactjs/interact/-/interact-1.8.4.tgz",
      "integrity": "sha512-6oEEi0B9PPl5YEfSFw3KWIYM1ih3uurJzRJfF0Quj49ja1hUhT8qf1ttJopM/RKrG/KQolmzCglbs2HVB3qZog=="
    },
    "@interactjs/interactjs": {
      "version": "1.8.4",
      "resolved": "https://registry.npmjs.org/@interactjs/interactjs/-/interactjs-1.8.4.tgz",
      "integrity": "sha512-ZPRJ5vdBHTesLbmrkl1jAjvPlwA5uvcN4n1HnpGkMsXGAe8dzuUcLJfCmWz2dAS0bWWvpRsjQIS9xuPNIVdrXw==",
      "requires": {
        "@interactjs/types": "1.8.4"
      }
    },
    "@interactjs/modifiers": {
      "version": "1.8.4",
      "resolved": "https://registry.npmjs.org/@interactjs/modifiers/-/modifiers-1.8.4.tgz",
      "integrity": "sha512-YZP+McLdm16u6dPTD5Tu47AX2dn5z52Ac2oefTI572PP/GJwVxQyEDumV+HlnpbRY9LqS6IQHVZhvdZVhosZDg=="
    },
    "@interactjs/pointer-events": {
      "version": "1.8.4",
      "resolved": "https://registry.npmjs.org/@interactjs/pointer-events/-/pointer-events-1.8.4.tgz",
      "integrity": "sha512-ZSprWv6GRfZqrN4I7Wbc65YxsggL/3ZY4yz2wnRq3BkFiXISI7XosI6CJKbOHel1HHodzK12y/1c/VBwa8XLNg=="
    },
    "@interactjs/reflow": {
      "version": "1.8.4",
      "resolved": "https://registry.npmjs.org/@interactjs/reflow/-/reflow-1.8.4.tgz",
      "integrity": "sha512-x4Gdq3w4ITWATQa1fOeKIvBxIKpird+1+HKIYindoz+FFU5uSkd0QGMcGJtvs+pBrZqA2IG8KgGQ0oHBG9GJtg=="
    },
    "@interactjs/types": {
      "version": "1.8.4",
      "resolved": "https://registry.npmjs.org/@interactjs/types/-/types-1.8.4.tgz",
      "integrity": "sha512-g9oQQ0DXOF4qiYNDR20TH5sxIJNxQh7T2E0++j5HDS6AzOA2zsMAhHog2cYv7jbDOyKvDryFke1B7hZgzZ555g==",
      "requires": {
        "@interactjs/actions": "1.8.4",
        "@interactjs/auto-scroll": "1.8.4",
        "@interactjs/auto-start": "1.8.4",
        "@interactjs/core": "1.8.4",
        "@interactjs/dev-tools": "1.8.4",
        "@interactjs/inertia": "1.8.4",
        "@interactjs/interact": "1.8.4",
        "@interactjs/modifiers": "1.8.4",
        "@interactjs/pointer-events": "1.8.4",
        "@interactjs/reflow": "1.8.4",
        "@interactjs/utils": "1.8.4"
      }
    },
    "@interactjs/utils": {
      "version": "1.8.4",
      "resolved": "https://registry.npmjs.org/@interactjs/utils/-/utils-1.8.4.tgz",
      "integrity": "sha512-Kg/da0pQSIvEChGL96fYOSzguDc+2zbz061BWnnskq2viZvPnacFIDC2Z+dEZHH+DBMnnLAt2pqLEulxauSQhA=="
    },
    "@juggle/resize-observer": {
      "version": "3.1.2",
      "resolved": "https://registry.npmjs.org/@juggle/resize-observer/-/resize-observer-3.1.2.tgz",
      "integrity": "sha512-Yao5AFq8HKHsyLCLZn15BybqN67cdbgDbVDnnaN54IUaffkwDHj0VMgBp1C/IxOsFsNltsI7LdnW4GEHmQarLQ=="
    },
    "@stencil/core": {
      "version": "1.16.5",
      "resolved": "https://registry.npmjs.org/@stencil/core/-/core-1.16.5.tgz",
      "integrity": "sha512-70srOdtpEg0sIS2V4x/BJfQpNDJnuMnJXoY3KkKywLE3DdLnM5zQogsfX+NyKzQACx9qLh18sVSBNIartAvjgA==",
      "dev": true,
      "requires": {
        "typescript": "3.9.7"
      }
    },
    "@stencil/sass": {
      "version": "1.3.2",
      "resolved": "https://registry.npmjs.org/@stencil/sass/-/sass-1.3.2.tgz",
      "integrity": "sha512-w6rkOsRIPY1rBa/13Wf+rMZrOzc6z86/Mkp3inzaYGsxBmLkf4PeP1rfaUB4SFDVRfMduP7FTd4ZJi/+FVrsMw==",
      "dev": true
    },
    "@stencil/store": {
      "version": "1.3.0",
      "resolved": "https://registry.npmjs.org/@stencil/store/-/store-1.3.0.tgz",
      "integrity": "sha512-e1/Ru/q8P5BkqUYMF+kW54rFWyH9XRABLcxFLruUlbw+ZIGN5OwKe6Rf1vw1wQSa/6vMy0EQq5IrkRYNhENpOA==",
      "dev": true
    },
    "@types/events": {
      "version": "3.0.0",
      "resolved": "https://registry.npmjs.org/@types/events/-/events-3.0.0.tgz",
      "integrity": "sha512-EaObqwIvayI5a8dCzhFrjKzVwKLxjoG9T6Ppd5CEo07LRKfQ8Yokw54r5+Wq7FaBQ+yXRvQAYPrHwya1/UFt9g==",
      "dev": true
    },
    "@types/lodash": {
      "version": "4.14.149",
      "resolved": "https://registry.npmjs.org/@types/lodash/-/lodash-4.14.149.tgz",
      "integrity": "sha512-ijGqzZt/b7BfzcK9vTrS6MFljQRPn5BFWOx8oE0GYxribu6uV+aA9zZuXI1zc/etK9E8nrgdoF2+LgUw7+9tJQ==",
      "dev": true
    },
    "@types/resize-observer-browser": {
      "version": "0.1.3",
      "resolved": "https://registry.npmjs.org/@types/resize-observer-browser/-/resize-observer-browser-0.1.3.tgz",
      "integrity": "sha512-3tGjLIDH8L57fWOfC7NVn/BbGQD7pXwbkk2+8Z4hK/S7kOIv1MUN4nkKjfx0qg4ctkukjzp3Bgr/Z+Hq5ZQZTQ==",
      "dev": true
    },
    "array-union": {
      "version": "1.0.2",
      "resolved": "https://registry.npmjs.org/array-union/-/array-union-1.0.2.tgz",
      "integrity": "sha1-mjRBDk9OPaI96jdb5b5w8kd47Dk=",
      "dev": true,
      "requires": {
        "array-uniq": "^1.0.1"
      }
    },
    "array-uniq": {
      "version": "1.0.3",
      "resolved": "https://registry.npmjs.org/array-uniq/-/array-uniq-1.0.3.tgz",
      "integrity": "sha1-r2rId6Jcx/dOBYiUdThY39sk/bY=",
      "dev": true
    },
    "async": {
      "version": "2.6.3",
      "resolved": "https://registry.npmjs.org/async/-/async-2.6.3.tgz",
      "integrity": "sha512-zflvls11DCy+dQWzTW2dzuilv8Z5X/pjfmZOWba6TNIVDm+2UDaJmXSOXlasHKfNBs8oo3M0aT50fDEWfKZjXg==",
      "dev": true,
      "requires": {
        "lodash": "^4.17.14"
      }
    },
    "balanced-match": {
      "version": "1.0.0",
      "resolved": "https://registry.npmjs.org/balanced-match/-/balanced-match-1.0.0.tgz",
      "integrity": "sha1-ibTRmasr7kneFk6gK4nORi1xt2c=",
      "dev": true
    },
    "brace-expansion": {
      "version": "1.1.11",
      "resolved": "https://registry.npmjs.org/brace-expansion/-/brace-expansion-1.1.11.tgz",
      "integrity": "sha512-iCuPHDFgrHX7H2vEI/5xpz07zSHB00TpugqhmYtVmMO6518mCuRMoOYFldEBl0g187ufozdaHgWKcYFb61qGiA==",
      "dev": true,
      "requires": {
        "balanced-match": "^1.0.0",
        "concat-map": "0.0.1"
      }
    },
    "commander": {
      "version": "2.20.3",
      "resolved": "https://registry.npmjs.org/commander/-/commander-2.20.3.tgz",
      "integrity": "sha512-GpVkmM8vF2vQUkj2LvZmD35JxeJOLCwJ9cUkugyk2nuhbv3+mJvpLYYt+0+USMxE+oj+ey/lJEnhZw75x/OMcQ==",
      "dev": true
    },
    "concat-map": {
      "version": "0.0.1",
      "resolved": "https://registry.npmjs.org/concat-map/-/concat-map-0.0.1.tgz",
      "integrity": "sha1-2Klr13/Wjfd5OnMDajug1UBdR3s=",
      "dev": true
    },
    "email-addresses": {
      "version": "3.1.0",
      "resolved": "https://registry.npmjs.org/email-addresses/-/email-addresses-3.1.0.tgz",
      "integrity": "sha512-k0/r7GrWVL32kZlGwfPNgB2Y/mMXVTq/decgLczm/j34whdaspNrZO8CnXPf1laaHxI6ptUlsnAxN+UAPw+fzg==",
      "dev": true
    },
    "escape-string-regexp": {
      "version": "1.0.5",
      "resolved": "https://registry.npmjs.org/escape-string-regexp/-/escape-string-regexp-1.0.5.tgz",
      "integrity": "sha1-G2HAViGQqN/2rjuyzwIAyhMLhtQ=",
      "dev": true
    },
    "filename-reserved-regex": {
      "version": "1.0.0",
      "resolved": "https://registry.npmjs.org/filename-reserved-regex/-/filename-reserved-regex-1.0.0.tgz",
      "integrity": "sha1-5hz4BfDeHJhFZ9A4bcXfUO5a9+Q=",
      "dev": true
    },
    "filenamify": {
      "version": "1.2.1",
      "resolved": "https://registry.npmjs.org/filenamify/-/filenamify-1.2.1.tgz",
      "integrity": "sha1-qfL/0RxQO+0wABUCknI3jx8TZaU=",
      "dev": true,
      "requires": {
        "filename-reserved-regex": "^1.0.0",
        "strip-outer": "^1.0.0",
        "trim-repeated": "^1.0.0"
      }
    },
    "filenamify-url": {
      "version": "1.0.0",
      "resolved": "https://registry.npmjs.org/filenamify-url/-/filenamify-url-1.0.0.tgz",
      "integrity": "sha1-syvYExnvWGO3MHi+1Q9GpPeXX1A=",
      "dev": true,
      "requires": {
        "filenamify": "^1.0.0",
        "humanize-url": "^1.0.0"
      }
    },
    "fs-extra": {
      "version": "8.1.0",
      "resolved": "https://registry.npmjs.org/fs-extra/-/fs-extra-8.1.0.tgz",
      "integrity": "sha512-yhlQgA6mnOJUKOsRUFsgJdQCvkKhcz8tlZG5HBQfReYZy46OwLcY+Zia0mtdHsOo9y/hP+CxMN0TU9QxoOtG4g==",
      "dev": true,
      "requires": {
        "graceful-fs": "^4.2.0",
        "jsonfile": "^4.0.0",
        "universalify": "^0.1.0"
      }
    },
    "fs.realpath": {
      "version": "1.0.0",
      "resolved": "https://registry.npmjs.org/fs.realpath/-/fs.realpath-1.0.0.tgz",
      "integrity": "sha1-FQStJSMVjKpA20onh8sBQRmU6k8=",
      "dev": true
    },
    "gh-pages": {
      "version": "2.2.0",
      "resolved": "https://registry.npmjs.org/gh-pages/-/gh-pages-2.2.0.tgz",
      "integrity": "sha512-c+yPkNOPMFGNisYg9r4qvsMIjVYikJv7ImFOhPIVPt0+AcRUamZ7zkGRLHz7FKB0xrlZ+ddSOJsZv9XAFVXLmA==",
      "dev": true,
      "requires": {
        "async": "^2.6.1",
        "commander": "^2.18.0",
        "email-addresses": "^3.0.1",
        "filenamify-url": "^1.0.0",
        "fs-extra": "^8.1.0",
        "globby": "^6.1.0"
      }
    },
    "glob": {
      "version": "7.1.6",
      "resolved": "https://registry.npmjs.org/glob/-/glob-7.1.6.tgz",
      "integrity": "sha512-LwaxwyZ72Lk7vZINtNNrywX0ZuLyStrdDtabefZKAY5ZGJhVtgdznluResxNmPitE0SAO+O26sWTHeKSI2wMBA==",
      "dev": true,
      "requires": {
        "fs.realpath": "^1.0.0",
        "inflight": "^1.0.4",
        "inherits": "2",
        "minimatch": "^3.0.4",
        "once": "^1.3.0",
        "path-is-absolute": "^1.0.0"
      }
    },
    "globby": {
      "version": "6.1.0",
      "resolved": "https://registry.npmjs.org/globby/-/globby-6.1.0.tgz",
      "integrity": "sha1-9abXDoOV4hyFj7BInWTfAkJNUGw=",
      "dev": true,
      "requires": {
        "array-union": "^1.0.1",
        "glob": "^7.0.3",
        "object-assign": "^4.0.1",
        "pify": "^2.0.0",
        "pinkie-promise": "^2.0.0"
      }
    },
    "graceful-fs": {
      "version": "4.2.4",
      "resolved": "https://registry.npmjs.org/graceful-fs/-/graceful-fs-4.2.4.tgz",
      "integrity": "sha512-WjKPNJF79dtJAVniUlGGWHYGz2jWxT6VhN/4m1NdkbZ2nOsEF+cI1Edgql5zCRhs/VsQYRvrXctxktVXZUkixw==",
      "dev": true
    },
    "humanize-url": {
      "version": "1.0.1",
      "resolved": "https://registry.npmjs.org/humanize-url/-/humanize-url-1.0.1.tgz",
      "integrity": "sha1-9KuZ4NKIF0yk4eUEB8VfuuRk7/8=",
      "dev": true,
      "requires": {
        "normalize-url": "^1.0.0",
        "strip-url-auth": "^1.0.0"
      }
    },
    "inflight": {
      "version": "1.0.6",
      "resolved": "https://registry.npmjs.org/inflight/-/inflight-1.0.6.tgz",
      "integrity": "sha1-Sb1jMdfQLQwJvJEKEHW6gWW1bfk=",
      "dev": true,
      "requires": {
        "once": "^1.3.0",
        "wrappy": "1"
      }
    },
    "inherits": {
      "version": "2.0.4",
      "resolved": "https://registry.npmjs.org/inherits/-/inherits-2.0.4.tgz",
      "integrity": "sha512-k/vGaX4/Yla3WzyMCvTQOXYeIHvqOKtnqBduzTHpzpQZzAskKMhZ2K+EnBiSM9zGSoIFeMpXKxa4dYeZIQqewQ==",
      "dev": true
    },
    "interactjs": {
      "version": "1.8.4",
      "resolved": "https://registry.npmjs.org/interactjs/-/interactjs-1.8.4.tgz",
      "integrity": "sha512-otuS3ujYXBEhwRPamNgky/j8FE8CkHQZ9m6/yETIxZKRHcOtlEeCA/tq5AH5ibB3lRLszFOMzQ9ieoA6PBMORA==",
      "requires": {
        "@interactjs/interactjs": "1.8.4",
        "@interactjs/types": "1.8.4"
      }
    },
    "is-plain-obj": {
      "version": "1.1.0",
      "resolved": "https://registry.npmjs.org/is-plain-obj/-/is-plain-obj-1.1.0.tgz",
      "integrity": "sha1-caUMhCnfync8kqOQpKA7OfzVHT4=",
      "dev": true
    },
    "jsonfile": {
      "version": "4.0.0",
      "resolved": "https://registry.npmjs.org/jsonfile/-/jsonfile-4.0.0.tgz",
      "integrity": "sha1-h3Gq4HmbZAdrdmQPygWPnBDjPss=",
      "dev": true,
      "requires": {
        "graceful-fs": "^4.1.6"
      }
    },
    "lodash": {
      "version": "4.17.19",
      "resolved": "https://registry.npmjs.org/lodash/-/lodash-4.17.19.tgz",
      "integrity": "sha512-JNvd8XER9GQX0v2qJgsaN/mzFCNA5BRe/j8JN9d+tWyGLSodKQHKFicdwNYzWwI3wjRnaKPsGj1XkBjx/F96DQ=="
    },
    "minimatch": {
      "version": "3.0.4",
      "resolved": "https://registry.npmjs.org/minimatch/-/minimatch-3.0.4.tgz",
      "integrity": "sha512-yJHVQEhyqPLUTgt9B83PXu6W3rx4MvvHvSUvToogpwoGDOUQ+yDrR0HRot+yOCdCO7u4hX3pWft6kWBBcqh0UA==",
      "dev": true,
      "requires": {
        "brace-expansion": "^1.1.7"
      }
    },
    "normalize-url": {
      "version": "1.9.1",
      "resolved": "https://registry.npmjs.org/normalize-url/-/normalize-url-1.9.1.tgz",
      "integrity": "sha1-LMDWazHqIwNkWENuNiDYWVTGbDw=",
      "dev": true,
      "requires": {
        "object-assign": "^4.0.1",
        "prepend-http": "^1.0.0",
        "query-string": "^4.1.0",
        "sort-keys": "^1.0.0"
      }
    },
    "object-assign": {
      "version": "4.1.1",
      "resolved": "https://registry.npmjs.org/object-assign/-/object-assign-4.1.1.tgz",
      "integrity": "sha1-IQmtx5ZYh8/AXLvUQsrIv7s2CGM=",
      "dev": true
    },
    "once": {
      "version": "1.4.0",
      "resolved": "https://registry.npmjs.org/once/-/once-1.4.0.tgz",
      "integrity": "sha1-WDsap3WWHUsROsF9nFC6753Xa9E=",
      "dev": true,
      "requires": {
        "wrappy": "1"
      }
    },
    "path-is-absolute": {
      "version": "1.0.1",
      "resolved": "https://registry.npmjs.org/path-is-absolute/-/path-is-absolute-1.0.1.tgz",
      "integrity": "sha1-F0uSaHNVNP+8es5r9TpanhtcX18=",
      "dev": true
    },
    "pify": {
      "version": "2.3.0",
      "resolved": "https://registry.npmjs.org/pify/-/pify-2.3.0.tgz",
      "integrity": "sha1-7RQaasBDqEnqWISY59yosVMw6Qw=",
      "dev": true
    },
    "pinkie": {
      "version": "2.0.4",
      "resolved": "https://registry.npmjs.org/pinkie/-/pinkie-2.0.4.tgz",
      "integrity": "sha1-clVrgM+g1IqXToDnckjoDtT3+HA=",
      "dev": true
    },
    "pinkie-promise": {
      "version": "2.0.1",
      "resolved": "https://registry.npmjs.org/pinkie-promise/-/pinkie-promise-2.0.1.tgz",
      "integrity": "sha1-ITXW36ejWMBprJsXh3YogihFD/o=",
      "dev": true,
      "requires": {
        "pinkie": "^2.0.0"
      }
    },
    "prepend-http": {
      "version": "1.0.4",
      "resolved": "https://registry.npmjs.org/prepend-http/-/prepend-http-1.0.4.tgz",
      "integrity": "sha1-1PRWKwzjaW5BrFLQ4ALlemNdxtw=",
      "dev": true
    },
    "query-string": {
      "version": "4.3.4",
      "resolved": "https://registry.npmjs.org/query-string/-/query-string-4.3.4.tgz",
      "integrity": "sha1-u7aTucqRXCMlFbIosaArYJBD2+s=",
      "dev": true,
      "requires": {
        "object-assign": "^4.1.0",
        "strict-uri-encode": "^1.0.0"
      }
    },
    "sort-keys": {
      "version": "1.1.2",
      "resolved": "https://registry.npmjs.org/sort-keys/-/sort-keys-1.1.2.tgz",
      "integrity": "sha1-RBttTTRnmPG05J6JIK37oOVD+a0=",
      "dev": true,
      "requires": {
        "is-plain-obj": "^1.0.0"
      }
    },
    "strict-uri-encode": {
      "version": "1.1.0",
      "resolved": "https://registry.npmjs.org/strict-uri-encode/-/strict-uri-encode-1.1.0.tgz",
      "integrity": "sha1-J5siXfHVgrH1TmWt3UNS4Y+qBxM=",
      "dev": true
    },
    "strip-outer": {
      "version": "1.0.1",
      "resolved": "https://registry.npmjs.org/strip-outer/-/strip-outer-1.0.1.tgz",
      "integrity": "sha512-k55yxKHwaXnpYGsOzg4Vl8+tDrWylxDEpknGjhTiZB8dFRU5rTo9CAzeycivxV3s+zlTKwrs6WxMxR95n26kwg==",
      "dev": true,
      "requires": {
        "escape-string-regexp": "^1.0.2"
      }
    },
    "strip-url-auth": {
      "version": "1.0.1",
      "resolved": "https://registry.npmjs.org/strip-url-auth/-/strip-url-auth-1.0.1.tgz",
      "integrity": "sha1-IrD6OkE4WzO+PzMVUbu4N/oM164=",
      "dev": true
    },
    "trim-repeated": {
      "version": "1.0.0",
      "resolved": "https://registry.npmjs.org/trim-repeated/-/trim-repeated-1.0.0.tgz",
      "integrity": "sha1-42RqLqTokTEr9+rObPsFOAvAHCE=",
      "dev": true,
      "requires": {
        "escape-string-regexp": "^1.0.2"
      }
    },
    "typescript": {
      "version": "3.9.7",
      "resolved": "https://registry.npmjs.org/typescript/-/typescript-3.9.7.tgz",
      "integrity": "sha512-BLbiRkiBzAwsjut4x/dsibSTB6yWpwT5qWmC2OfuCg3GgVQCSgMs4vEctYPhsaGtd0AeuuHMkjZ2h2WG8MSzRw==",
      "dev": true
    },
    "universalify": {
      "version": "0.1.2",
      "resolved": "https://registry.npmjs.org/universalify/-/universalify-0.1.2.tgz",
      "integrity": "sha512-rBJeI5CXAlmy1pV+617WB9J63U6XcazHHF2f2dbJix4XzpUF0RS3Zbj0FGIOCAva5P/d/GBOYaACQ1w+0azUkg==",
      "dev": true
    },
    "wrappy": {
      "version": "1.0.2",
      "resolved": "https://registry.npmjs.org/wrappy/-/wrappy-1.0.2.tgz",
      "integrity": "sha1-tSQ9jz7BqjXxNkYFvA0QNuMKtp8=",
      "dev": true
    }
  }
}
